
Microsoft Visual Studio Solution File, Format Version 12.00
# Visual Studio Version 17
VisualStudioVersion = 17.4.33205.214
MinimumVisualStudioVersion = 10.0.40219.1
Project("{9A19103F-16F7-4668-BE54-9A1E7A4F7556}") = "NamelessRogue_updated", "NamelessRogue_updated\NamelessRogue_updated.csproj", "{9245801F-84EB-488A-A64D-6456E898AA2B}"
EndProject
Project("{9A19103F-16F7-4668-BE54-9A1E7A4F7556}") = "AstarNavigatorNetCore", "AstarNavigatorNetCore\AstarNavigatorNetCore.csproj", "{8280F796-C9CF-4188-842E-84662D1FB266}"
EndProject
Project("{9A19103F-16F7-4668-BE54-9A1E7A4F7556}") = "VoronoiLib", "VoronoiLib\VoronoiLib.csproj", "{96E175FA-74CA-4C0E-A318-8525A5658A41}"
EndProject
Project("{9A19103F-16F7-4668-BE54-9A1E7A4F7556}") = "NamelessRogue", "NamelessRogue\NamelessRogue.csproj", "{293CBD48-3487-440C-BF46-B85D572DE28C}"
	ProjectSection(ProjectDependencies) = postProject
		{8280F796-C9CF-4188-842E-84662D1FB266} = {8280F796-C9CF-4188-842E-84662D1FB266}
		{96E175FA-74CA-4C0E-A318-8525A5658A41} = {96E175FA-74CA-4C0E-A318-8525A5658A41}
	EndProjectSection
EndProject
Global
	GlobalSection(SolutionConfigurationPlatforms) = preSolution
		Debug|Any CPU = Debug|Any CPU
		Release|Any CPU = Release|Any CPU
	EndGlobalSection
	GlobalSection(ProjectConfigurationPlatforms) = postSolution
		{9245801F-84EB-488A-A64D-6456E898AA2B}.Debug|Any CPU.ActiveCfg = Debug|Any CPU
		{9245801F-84EB-488A-A64D-6456E898AA2B}.Debug|Any CPU.Build.0 = Debug|Any CPU
		{9245801F-84EB-488A-A64D-6456E898AA2B}.Release|Any CPU.ActiveCfg = Release|Any CPU
		{9245801F-84EB-488A-A64D-6456E898AA2B}.Release|Any CPU.Build.0 = Release|Any CPU
		{8280F796-C9CF-4188-842E-84662D1FB266}.Debug|Any CPU.ActiveCfg = Debug|Any CPU
		{8280F796-C9CF-4188-842E-84662D1FB266}.Debug|Any CPU.Build.0 = Debug|Any CPU
		{8280F796-C9CF-4188-842E-84662D1FB266}.Release|Any CPU.ActiveCfg = Release|Any CPU
		{8280F796-C9CF-4188-842E-84662D1FB266}.Release|Any CPU.Build.0 = Release|Any CPU
		{96E175FA-74CA-4C0E-A318-8525A5658A41}.Debug|Any CPU.ActiveCfg = Debug|Any CPU
		{96E175FA-74CA-4C0E-A318-8525A5658A41}.Debug|Any CPU.Build.0 = Debug|Any CPU
		{96E175FA-74CA-4C0E-A318-8525A5658A41}.Release|Any CPU.ActiveCfg = Release|Any CPU
		{96E175FA-74CA-4C0E-A318-8525A5658A41}.Release|Any CPU.Build.0 = Release|Any CPU
		{293CBD48-3487-440C-BF46-B85D572DE28C}.Debug|Any CPU.ActiveCfg = Debug|Any CPU
		{293CBD48-3487-440C-BF46-B85D572DE28C}.Debug|Any CPU.Build.0 = Debug|Any CPU
		{293CBD48-3487-440C-BF46-B85D572DE28C}.Release|Any CPU.ActiveCfg = Release|Any CPU
		{293CBD48-3487-440C-BF46-B85D572DE28C}.Release|Any CPU.Build.0 = Release|Any CPU
	EndGlobalSection
	GlobalSection(SolutionProperties) = preSolution
		HideSolutionNode = FALSE
	EndGlobalSection
	GlobalSection(ExtensibilityGlobals) = postSolution
		SolutionGuid = {40FC7AC5-8212-44CC-A189-D8F604D6C412}
	EndGlobalSection
EndGlobal
